// !$*UTF8*$!
{
	archiveVersion = 1;
	classes = {
	};
	objectVersion = 46;
	objects = {

/* Begin PBXBuildFile section */
		01CA37971BD041CA00215C68 /* main.m in Sources */ = {isa = PBXBuildFile; fileRef = 01CA37961BD041CA00215C68 /* main.m */; };
		01CA379A1BD041CA00215C68 /* AppDelegate.m in Sources */ = {isa = PBXBuildFile; fileRef = 01CA37991BD041CA00215C68 /* AppDelegate.m */; };
		01CA37A21BD041CA00215C68 /* Assets.xcassets in Resources */ = {isa = PBXBuildFile; fileRef = 01CA37A11BD041CA00215C68 /* Assets.xcassets */; };
		01CA37A51BD041CA00215C68 /* LaunchScreen.storyboard in Resources */ = {isa = PBXBuildFile; fileRef = 01CA37A31BD041CA00215C68 /* LaunchScreen.storyboard */; };
		01CA37AF1BD0436400215C68 /* LaunchController.m in Sources */ = {isa = PBXBuildFile; fileRef = 01CA37AD1BD0436400215C68 /* LaunchController.m */; };
		01CA37B01BD0436400215C68 /* LaunchController.xib in Resources */ = {isa = PBXBuildFile; fileRef = 01CA37AE1BD0436400215C68 /* LaunchController.xib */; };
		01CA37B21BD0445E00215C68 /* Accounts.framework in Frameworks */ = {isa = PBXBuildFile; fileRef = 01CA37B11BD0445E00215C68 /* Accounts.framework */; };
		01CA37B41BD0446900215C68 /* CoreGraphics.framework in Frameworks */ = {isa = PBXBuildFile; fileRef = 01CA37B31BD0446900215C68 /* CoreGraphics.framework */; };
		01CA37B61BD0446E00215C68 /* CoreLocation.framework in Frameworks */ = {isa = PBXBuildFile; fileRef = 01CA37B51BD0446E00215C68 /* CoreLocation.framework */; };
		01CA37B81BD0448500215C68 /* libsqlite3.tbd in Frameworks */ = {isa = PBXBuildFile; fileRef = 01CA37B71BD0448500215C68 /* libsqlite3.tbd */; };
		01CA37BA1BD0448E00215C68 /* MobileCoreServices.framework in Frameworks */ = {isa = PBXBuildFile; fileRef = 01CA37B91BD0448E00215C68 /* MobileCoreServices.framework */; };
		01CA37BC1BD0449500215C68 /* Security.framework in Frameworks */ = {isa = PBXBuildFile; fileRef = 01CA37BB1BD0449500215C68 /* Security.framework */; };
		01CA37BE1BD0449C00215C68 /* Social.framework in Frameworks */ = {isa = PBXBuildFile; fileRef = 01CA37BD1BD0449C00215C68 /* Social.framework */; };
		01CA37C01BD044AA00215C68 /* SystemConfiguration.framework in Frameworks */ = {isa = PBXBuildFile; fileRef = 01CA37BF1BD044AA00215C68 /* SystemConfiguration.framework */; };
		01CA37C21BD044B100215C68 /* WebKit.framework in Frameworks */ = {isa = PBXBuildFile; fileRef = 01CA37C11BD044B100215C68 /* WebKit.framework */; settings = {ATTRIBUTES = (Weak, ); }; };
		01CA37C41BD044CA00215C68 /* Foundation.framework in Frameworks */ = {isa = PBXBuildFile; fileRef = 01CA37C31BD044CA00215C68 /* Foundation.framework */; };
		01CA37C61BD044D100215C68 /* UIKit.framework in Frameworks */ = {isa = PBXBuildFile; fileRef = 01CA37C51BD044D100215C68 /* UIKit.framework */; };
		01CA37C91BD0454C00215C68 /* KinveyKit.framework in Frameworks */ = {isa = PBXBuildFile; fileRef = 01CA37C81BD0454C00215C68 /* KinveyKit.framework */; };
/* End PBXBuildFile section */

/* Begin PBXFileReference section */
		01CA37921BD041CA00215C68 /* Prodraft.app */ = {isa = PBXFileReference; explicitFileType = wrapper.application; includeInIndex = 0; path = Prodraft.app; sourceTree = BUILT_PRODUCTS_DIR; };
		01CA37961BD041CA00215C68 /* main.m */ = {isa = PBXFileReference; lastKnownFileType = sourcecode.c.objc; path = main.m; sourceTree = "<group>"; };
		01CA37981BD041CA00215C68 /* AppDelegate.h */ = {isa = PBXFileReference; lastKnownFileType = sourcecode.c.h; path = AppDelegate.h; sourceTree = "<group>"; };
		01CA37991BD041CA00215C68 /* AppDelegate.m */ = {isa = PBXFileReference; lastKnownFileType = sourcecode.c.objc; path = AppDelegate.m; sourceTree = "<group>"; };
		01CA37A11BD041CA00215C68 /* Assets.xcassets */ = {isa = PBXFileReference; lastKnownFileType = folder.assetcatalog; path = Assets.xcassets; sourceTree = "<group>"; };
		01CA37A41BD041CA00215C68 /* Base */ = {isa = PBXFileReference; lastKnownFileType = file.storyboard; name = Base; path = Base.lproj/LaunchScreen.storyboard; sourceTree = "<group>"; };
		01CA37A61BD041CA00215C68 /* Info.plist */ = {isa = PBXFileReference; lastKnownFileType = text.plist.xml; path = Info.plist; sourceTree = "<group>"; };
		01CA37AC1BD0436400215C68 /* LaunchController.h */ = {isa = PBXFileReference; fileEncoding = 4; lastKnownFileType = sourcecode.c.h; path = LaunchController.h; sourceTree = "<group>"; };
		01CA37AD1BD0436400215C68 /* LaunchController.m */ = {isa = PBXFileReference; fileEncoding = 4; lastKnownFileType = sourcecode.c.objc; path = LaunchController.m; sourceTree = "<group>"; };
		01CA37AE1BD0436400215C68 /* LaunchController.xib */ = {isa = PBXFileReference; fileEncoding = 4; lastKnownFileType = file.xib; path = LaunchController.xib; sourceTree = "<group>"; };
		01CA37B11BD0445E00215C68 /* Accounts.framework */ = {isa = PBXFileReference; lastKnownFileType = wrapper.framework; name = Accounts.framework; path = System/Library/Frameworks/Accounts.framework; sourceTree = SDKROOT; };
		01CA37B31BD0446900215C68 /* CoreGraphics.framework */ = {isa = PBXFileReference; lastKnownFileType = wrapper.framework; name = CoreGraphics.framework; path = System/Library/Frameworks/CoreGraphics.framework; sourceTree = SDKROOT; };
		01CA37B51BD0446E00215C68 /* CoreLocation.framework */ = {isa = PBXFileReference; lastKnownFileType = wrapper.framework; name = CoreLocation.framework; path = System/Library/Frameworks/CoreLocation.framework; sourceTree = SDKROOT; };
		01CA37B71BD0448500215C68 /* libsqlite3.tbd */ = {isa = PBXFileReference; lastKnownFileType = "sourcecode.text-based-dylib-definition"; name = libsqlite3.tbd; path = usr/lib/libsqlite3.tbd; sourceTree = SDKROOT; };
		01CA37B91BD0448E00215C68 /* MobileCoreServices.framework */ = {isa = PBXFileReference; lastKnownFileType = wrapper.framework; name = MobileCoreServices.framework; path = System/Library/Frameworks/MobileCoreServices.framework; sourceTree = SDKROOT; };
		01CA37BB1BD0449500215C68 /* Security.framework */ = {isa = PBXFileReference; lastKnownFileType = wrapper.framework; name = Security.framework; path = System/Library/Frameworks/Security.framework; sourceTree = SDKROOT; };
		01CA37BD1BD0449C00215C68 /* Social.framework */ = {isa = PBXFileReference; lastKnownFileType = wrapper.framework; name = Social.framework; path = System/Library/Frameworks/Social.framework; sourceTree = SDKROOT; };
		01CA37BF1BD044AA00215C68 /* SystemConfiguration.framework */ = {isa = PBXFileReference; lastKnownFileType = wrapper.framework; name = SystemConfiguration.framework; path = System/Library/Frameworks/SystemConfiguration.framework; sourceTree = SDKROOT; };
		01CA37C11BD044B100215C68 /* WebKit.framework */ = {isa = PBXFileReference; lastKnownFileType = wrapper.framework; name = WebKit.framework; path = System/Library/Frameworks/WebKit.framework; sourceTree = SDKROOT; };
		01CA37C31BD044CA00215C68 /* Foundation.framework */ = {isa = PBXFileReference; lastKnownFileType = wrapper.framework; name = Foundation.framework; path = System/Library/Frameworks/Foundation.framework; sourceTree = SDKROOT; };
		01CA37C51BD044D100215C68 /* UIKit.framework */ = {isa = PBXFileReference; lastKnownFileType = wrapper.framework; name = UIKit.framework; path = System/Library/Frameworks/UIKit.framework; sourceTree = SDKROOT; };
		01CA37C81BD0454C00215C68 /* KinveyKit.framework */ = {isa = PBXFileReference; lastKnownFileType = wrapper.framework; path = KinveyKit.framework; sourceTree = "<group>"; };
/* End PBXFileReference section */

/* Begin PBXFrameworksBuildPhase section */
		01CA378F1BD041CA00215C68 /* Frameworks */ = {
			isa = PBXFrameworksBuildPhase;
			buildActionMask = 2147483647;
			files = (
				01CA37C61BD044D100215C68 /* UIKit.framework in Frameworks */,
				01CA37C91BD0454C00215C68 /* KinveyKit.framework in Frameworks */,
				01CA37C41BD044CA00215C68 /* Foundation.framework in Frameworks */,
				01CA37C21BD044B100215C68 /* WebKit.framework in Frameworks */,
				01CA37C01BD044AA00215C68 /* SystemConfiguration.framework in Frameworks */,
				01CA37BE1BD0449C00215C68 /* Social.framework in Frameworks */,
				01CA37BC1BD0449500215C68 /* Security.framework in Frameworks */,
				01CA37BA1BD0448E00215C68 /* MobileCoreServices.framework in Frameworks */,
				01CA37B81BD0448500215C68 /* libsqlite3.tbd in Frameworks */,
				01CA37B61BD0446E00215C68 /* CoreLocation.framework in Frameworks */,
				01CA37B41BD0446900215C68 /* CoreGraphics.framework in Frameworks */,
				01CA37B21BD0445E00215C68 /* Accounts.framework in Frameworks */,
			);
			runOnlyForDeploymentPostprocessing = 0;
		};
/* End PBXFrameworksBuildPhase section */

/* Begin PBXGroup section */
		01CA37891BD041CA00215C68 = {
			isa = PBXGroup;
			children = (
				01CA37941BD041CA00215C68 /* Prodraft */,
				01CA37931BD041CA00215C68 /* Products */,
			);
			sourceTree = "<group>";
		};
		01CA37931BD041CA00215C68 /* Products */ = {
			isa = PBXGroup;
			children = (
				01CA37921BD041CA00215C68 /* Prodraft.app */,
			);
			name = Products;
			sourceTree = "<group>";
		};
		01CA37941BD041CA00215C68 /* Prodraft */ = {
			isa = PBXGroup;
			children = (
				01CA37981BD041CA00215C68 /* AppDelegate.h */,
				01CA37991BD041CA00215C68 /* AppDelegate.m */,
				01CA37AC1BD0436400215C68 /* LaunchController.h */,
				01CA37AD1BD0436400215C68 /* LaunchController.m */,
				01CA37AE1BD0436400215C68 /* LaunchController.xib */,
				01CA37A11BD041CA00215C68 /* Assets.xcassets */,
				01CA37A31BD041CA00215C68 /* LaunchScreen.storyboard */,
				01CA37A61BD041CA00215C68 /* Info.plist */,
				01CA37C71BD044DF00215C68 /* Frameworks */,
				01CA37951BD041CA00215C68 /* Supporting Files */,
			);
			path = Prodraft;
			sourceTree = "<group>";
		};
		01CA37951BD041CA00215C68 /* Supporting Files */ = {
			isa = PBXGroup;
			children = (
				01CA37961BD041CA00215C68 /* main.m */,
			);
			name = "Supporting Files";
			sourceTree = "<group>";
		};
		01CA37C71BD044DF00215C68 /* Frameworks */ = {
			isa = PBXGroup;
			children = (
				01CA37C81BD0454C00215C68 /* KinveyKit.framework */,
				01CA37C51BD044D100215C68 /* UIKit.framework */,
				01CA37C31BD044CA00215C68 /* Foundation.framework */,
				01CA37C11BD044B100215C68 /* WebKit.framework */,
				01CA37BF1BD044AA00215C68 /* SystemConfiguration.framework */,
				01CA37BD1BD0449C00215C68 /* Social.framework */,
				01CA37BB1BD0449500215C68 /* Security.framework */,
				01CA37B91BD0448E00215C68 /* MobileCoreServices.framework */,
				01CA37B71BD0448500215C68 /* libsqlite3.tbd */,
				01CA37B51BD0446E00215C68 /* CoreLocation.framework */,
				01CA37B31BD0446900215C68 /* CoreGraphics.framework */,
				01CA37B11BD0445E00215C68 /* Accounts.framework */,
			);
			name = Frameworks;
			sourceTree = "<group>";
		};
/* End PBXGroup section */

/* Begin PBXNativeTarget section */
		01CA37911BD041CA00215C68 /* Prodraft */ = {
			isa = PBXNativeTarget;
			buildConfigurationList = 01CA37A91BD041CA00215C68 /* Build configuration list for PBXNativeTarget "Prodraft" */;
			buildPhases = (
				01CA378E1BD041CA00215C68 /* Sources */,
				01CA378F1BD041CA00215C68 /* Frameworks */,
				01CA37901BD041CA00215C68 /* Resources */,
			);
			buildRules = (
			);
			dependencies = (
			);
			name = Prodraft;
			productName = Prodraft;
			productReference = 01CA37921BD041CA00215C68 /* Prodraft.app */;
			productType = "com.apple.product-type.application";
		};
/* End PBXNativeTarget section */

/* Begin PBXProject section */
		01CA378A1BD041CA00215C68 /* Project object */ = {
			isa = PBXProject;
			attributes = {
				LastUpgradeCheck = 0710;
				ORGANIZATIONNAME = "Pro Draft, LLC";
				TargetAttributes = {
					01CA37911BD041CA00215C68 = {
						CreatedOnToolsVersion = 7.1;
					};
				};
			};
			buildConfigurationList = 01CA378D1BD041CA00215C68 /* Build configuration list for PBXProject "Prodraft" */;
			compatibilityVersion = "Xcode 3.2";
			developmentRegion = English;
			hasScannedForEncodings = 0;
			knownRegions = (
				en,
				Base,
			);
			mainGroup = 01CA37891BD041CA00215C68;
			productRefGroup = 01CA37931BD041CA00215C68 /* Products */;
			projectDirPath = "";
			projectRoot = "";
			targets = (
				01CA37911BD041CA00215C68 /* Prodraft */,
			);
		};
/* End PBXProject section */

/* Begin PBXResourcesBuildPhase section */
		01CA37901BD041CA00215C68 /* Resources */ = {
			isa = PBXResourcesBuildPhase;
			buildActionMask = 2147483647;
			files = (
				01CA37A51BD041CA00215C68 /* LaunchScreen.storyboard in Resources */,
				01CA37B01BD0436400215C68 /* LaunchController.xib in Resources */,
				01CA37A21BD041CA00215C68 /* Assets.xcassets in Resources */,
			);
			runOnlyForDeploymentPostprocessing = 0;
		};
/* End PBXResourcesBuildPhase section */

/* Begin PBXSourcesBuildPhase section */
		01CA378E1BD041CA00215C68 /* Sources */ = {
			isa = PBXSourcesBuildPhase;
			buildActionMask = 2147483647;
			files = (
				01CA379A1BD041CA00215C68 /* AppDelegate.m in Sources */,
				01CA37971BD041CA00215C68 /* main.m in Sources */,
				01CA37AF1BD0436400215C68 /* LaunchController.m in Sources */,
			);
			runOnlyForDeploymentPostprocessing = 0;
		};
/* End PBXSourcesBuildPhase section */

/* Begin PBXVariantGroup section */
		01CA37A31BD041CA00215C68 /* LaunchScreen.storyboard */ = {
			isa = PBXVariantGroup;
			children = (
				01CA37A41BD041CA00215C68 /* Base */,
			);
			name = LaunchScreen.storyboard;
			sourceTree = "<group>";
		};
/* End PBXVariantGroup section */

/* Begin XCBuildConfiguration section */
		01CA37A71BD041CA00215C68 /* Debug */ = {
			isa = XCBuildConfiguration;
			buildSettings = {
				ALWAYS_SEARCH_USER_PATHS = NO;
				CLANG_CXX_LANGUAGE_STANDARD = "gnu++0x";
				CLANG_CXX_LIBRARY = "libc++";
				CLANG_ENABLE_MODULES = YES;
				CLANG_ENABLE_OBJC_ARC = YES;
				CLANG_WARN_BOOL_CONVERSION = YES;
				CLANG_WARN_CONSTANT_CONVERSION = YES;
				CLANG_WARN_DIRECT_OBJC_ISA_USAGE = YES_ERROR;
				CLANG_WARN_EMPTY_BODY = YES;
				CLANG_WARN_ENUM_CONVERSION = YES;
				CLANG_WARN_INT_CONVERSION = YES;
				CLANG_WARN_OBJC_ROOT_CLASS = YES_ERROR;
				CLANG_WARN_UNREACHABLE_CODE = YES;
				CLANG_WARN__DUPLICATE_METHOD_MATCH = YES;
				"CODE_SIGN_IDENTITY[sdk=iphoneos*]" = "iPhone Developer";
				COPY_PHASE_STRIP = NO;
				DEBUG_INFORMATION_FORMAT = dwarf;
				ENABLE_STRICT_OBJC_MSGSEND = YES;
				ENABLE_TESTABILITY = YES;
				GCC_C_LANGUAGE_STANDARD = gnu99;
				GCC_DYNAMIC_NO_PIC = NO;
				GCC_NO_COMMON_BLOCKS = YES;
				GCC_OPTIMIZATION_LEVEL = 0;
				GCC_PREPROCESSOR_DEFINITIONS = (
					"DEBUG=1",
					"$(inherited)",
				);
				GCC_WARN_64_TO_32_BIT_CONVERSION = YES;
				GCC_WARN_ABOUT_RETURN_TYPE = YES_ERROR;
				GCC_WARN_UNDECLARED_SELECTOR = YES;
				GCC_WARN_UNINITIALIZED_AUTOS = YES_AGGRESSIVE;
				GCC_WARN_UNUSED_FUNCTION = YES;
				GCC_WARN_UNUSED_VARIABLE = YES;
				IPHONEOS_DEPLOYMENT_TARGET = 9.1;
				MTL_ENABLE_DEBUG_INFO = YES;
				ONLY_ACTIVE_ARCH = YES;
				SDKROOT = iphoneos;
			};
			name = Debug;
		};
		01CA37A81BD041CA00215C68 /* Release */ = {
			isa = XCBuildConfiguration;
			buildSettings = {
				ALWAYS_SEARCH_USER_PATHS = NO;
				CLANG_CXX_LANGUAGE_STANDARD = "gnu++0x";
				CLANG_CXX_LIBRARY = "libc++";
				CLANG_ENABLE_MODULES = YES;
				CLANG_ENABLE_OBJC_ARC = YES;
				CLANG_WARN_BOOL_CONVERSION = YES;
				CLANG_WARN_CONSTANT_CONVERSION = YES;
				CLANG_WARN_DIRECT_OBJC_ISA_USAGE = YES_ERROR;
				CLANG_WARN_EMPTY_BODY = YES;
				CLANG_WARN_ENUM_CONVERSION = YES;
				CLANG_WARN_INT_CONVERSION = YES;
				CLANG_WARN_OBJC_ROOT_CLASS = YES_ERROR;
				CLANG_WARN_UNREACHABLE_CODE = YES;
				CLANG_WARN__DUPLICATE_METHOD_MATCH = YES;
				"CODE_SIGN_IDENTITY[sdk=iphoneos*]" = "iPhone Developer";
				COPY_PHASE_STRIP = NO;
				DEBUG_INFORMATION_FORMAT = "dwarf-with-dsym";
				ENABLE_NS_ASSERTIONS = NO;
				ENABLE_STRICT_OBJC_MSGSEND = YES;
				GCC_C_LANGUAGE_STANDARD = gnu99;
				GCC_NO_COMMON_BLOCKS = YES;
				GCC_WARN_64_TO_32_BIT_CONVERSION = YES;
				GCC_WARN_ABOUT_RETURN_TYPE = YES_ERROR;
				GCC_WARN_UNDECLARED_SELECTOR = YES;
				GCC_WARN_UNINITIALIZED_AUTOS = YES_AGGRESSIVE;
				GCC_WARN_UNUSED_FUNCTION = YES;
				GCC_WARN_UNUSED_VARIABLE = YES;
				IPHONEOS_DEPLOYMENT_TARGET = 9.1;
				MTL_ENABLE_DEBUG_INFO = NO;
				SDKROOT = iphoneos;
				VALIDATE_PRODUCT = YES;
			};
			name = Release;
		};
		01CA37AA1BD041CA00215C68 /* Debug */ = {
			isa = XCBuildConfiguration;
			buildSettings = {
				ASSETCATALOG_COMPILER_APPICON_NAME = AppIcon;
				FRAMEWORK_SEARCH_PATHS = (
					"$(inherited)",
					"$(PROJECT_DIR)/Prodraft",
				);
				INFOPLIST_FILE = Prodraft/Info.plist;
				IPHONEOS_DEPLOYMENT_TARGET = 8.0;
				LD_RUNPATH_SEARCH_PATHS = "$(inherited) @executable_path/Frameworks";
				OTHER_LDFLAGS = "-ObjC";
				PRODUCT_BUNDLE_IDENTIFIER = com.prodraft.Prodraft;
				PRODUCT_NAME = "$(TARGET_NAME)";
			};
			name = Debug;
		};
		01CA37AB1BD041CA00215C68 /* Release */ = {
			isa = XCBuildConfiguration;
			buildSettings = {
				ASSETCATALOG_COMPILER_APPICON_NAME = AppIcon;
				FRAMEWORK_SEARCH_PATHS = (
					"$(inherited)",
					"$(PROJECT_DIR)/Prodraft",
				);
				INFOPLIST_FILE = Prodraft/Info.plist;
				IPHONEOS_DEPLOYMENT_TARGET = 8.0;
				LD_RUNPATH_SEARCH_PATHS = "$(inherited) @executable_path/Frameworks";
				OTHER_LDFLAGS = "-ObjC";
				PRODUCT_BUNDLE_IDENTIFIER = com.prodraft.Prodraft;
				PRODUCT_NAME = "$(TARGET_NAME)";
			};
			name = Release;
		};
/* End XCBuildConfiguration section */

/* Begin XCConfigurationList section */
		01CA378D1BD041CA00215C68 /* Build configuration list for PBXProject "Prodraft" */ = {
			isa = XCConfigurationList;
			buildConfigurations = (
				01CA37A71BD041CA00215C68 /* Debug */,
				01CA37A81BD041CA00215C68 /* Release */,
			);
			defaultConfigurationIsVisible = 0;
			defaultConfigurationName = Release;
		};
		01CA37A91BD041CA00215C68 /* Build configuration list for PBXNativeTarget "Prodraft" */ = {
			isa = XCConfigurationList;
			buildConfigurations = (
				01CA37AA1BD041CA00215C68 /* Debug */,
				01CA37AB1BD041CA00215C68 /* Release */,
			);
			defaultConfigurationIsVisible = 0;
		};
/* End XCConfigurationList section */
	};
	rootObject = 01CA378A1BD041CA00215C68 /* Project object */;
}
